// !$*UTF8*$!
{
	archiveVersion = 1;
	classes = {
	};
	objectVersion = 77;
	objects = {

/* Begin PBXContainerItemProxy section */
		419E7CEA2E34514D00E9838A /* PBXContainerItemProxy */ = {
			isa = PBXContainerItemProxy;
			containerPortal = 419E7CD32E34514C00E9838A /* Project object */;
			proxyType = 1;
			remoteGlobalIDString = 419E7CDA2E34514C00E9838A;
			remoteInfo = MyTerm;
		};
		419E7CF42E34514D00E9838A /* PBXContainerItemProxy */ = {
			isa = PBXContainerItemProxy;
			containerPortal = 419E7CD32E34514C00E9838A /* Project object */;
			proxyType = 1;
			remoteGlobalIDString = 419E7CDA2E34514C00E9838A;
			remoteInfo = MyTerm;
		};
/* End PBXContainerItemProxy section */

/* Begin PBXFileReference section */
		419E7CDB2E34514C00E9838A /* MyTerm.app */ = {isa = PBXFileReference; explicitFileType = wrapper.application; includeInIndex = 0; path = MyTerm.app; sourceTree = BUILT_PRODUCTS_DIR; };
		419E7CE92E34514D00E9838A /* MyTermTests.xctest */ = {isa = PBXFileReference; explicitFileType = wrapper.cfbundle; includeInIndex = 0; path = MyTermTests.xctest; sourceTree = BUILT_PRODUCTS_DIR; };
		419E7CF32E34514D00E9838A /* MyTermUITests.xctest */ = {isa = PBXFileReference; explicitFileType = wrapper.cfbundle; includeInIndex = 0; path = MyTermUITests.xctest; sourceTree = BUILT_PRODUCTS_DIR; };
/* End PBXFileReference section */

/* Begin PBXFileSystemSynchronizedRootGroup section */
		419E7CDD2E34514C00E9838A /* MyTerm */ = {
			isa = PBXFileSystemSynchronizedRootGroup;
			path = MyTerm;
			sourceTree = "<group>";
		};
		419E7CEC2E34514D00E9838A /* MyTermTests */ = {
			isa = PBXFileSystemSynchronizedRootGroup;
			path = MyTermTests;
			sourceTree = "<group>";
		};
		419E7CF62E34514D00E9838A /* MyTermUITests */ = {
			isa = PBXFileSystemSynchronizedRootGroup;
			path = MyTermUITests;
			sourceTree = "<group>";
		};
/* End PBXFileSystemSynchronizedRootGroup section */

/* Begin PBXFrameworksBuildPhase section */
		419E7CD82E34514C00E9838A /* Frameworks */ = {
			isa = PBXFrameworksBuildPhase;
			buildActionMask = 2147483647;
			files = (
			);
			runOnlyForDeploymentPostprocessing = 0;
		};
		419E7CE62E34514D00E9838A /* Frameworks */ = {
			isa = PBXFrameworksBuildPhase;
			buildActionMask = 2147483647;
			files = (
			);
			runOnlyForDeploymentPostprocessing = 0;
		};
		419E7CF02E34514D00E9838A /* Frameworks */ = {
			isa = PBXFrameworksBuildPhase;
			buildActionMask = 2147483647;
			files = (
			);
			runOnlyForDeploymentPostprocessing = 0;
		};
/* End PBXFrameworksBuildPhase section */

/* Begin PBXGroup section */
		419E7CD22E34514C00E9838A = {
			isa = PBXGroup;
			children = (
				419E7CDD2E34514C00E9838A /* MyTerm */,
				419E7CEC2E34514D00E9838A /* MyTermTests */,
				419E7CF62E34514D00E9838A /* MyTermUITests */,
				419E7CDC2E34514C00E9838A /* Products */,
			);
			sourceTree = "<group>";
		};
		419E7CDC2E34514C00E9838A /* Products */ = {
			isa = PBXGroup;
			children = (
				419E7CDB2E34514C00E9838A /* MyTerm.app */,
				419E7CE92E34514D00E9838A /* MyTermTests.xctest */,
				419E7CF32E34514D00E9838A /* MyTermUITests.xctest */,
			);
			name = Products;
			sourceTree = "<group>";
		};
/* End PBXGroup section */

/* Begin PBXNativeTarget section */
		419E7CDA2E34514C00E9838A /* MyTerm */ = {
			isa = PBXNativeTarget;
			buildConfigurationList = 419E7CFD2E34514D00E9838A /* Build configuration list for PBXNativeTarget "MyTerm" */;
			buildPhases = (
				419E7CD72E34514C00E9838A /* Sources */,
				419E7CD82E34514C00E9838A /* Frameworks */,
				419E7CD92E34514C00E9838A /* Resources */,
			);
			buildRules = (
			);
			dependencies = (
			);
			fileSystemSynchronizedGroups = (
				419E7CDD2E34514C00E9838A /* MyTerm */,
			);
			name = MyTerm;
			packageProductDependencies = (
			);
			productName = MyTerm;
			productReference = 419E7CDB2E34514C00E9838A /* MyTerm.app */;
			productType = "com.apple.product-type.application";
		};
		419E7CE82E34514D00E9838A /* MyTermTests */ = {
			isa = PBXNativeTarget;
			buildConfigurationList = 419E7D002E34514D00E9838A /* Build configuration list for PBXNativeTarget "MyTermTests" */;
			buildPhases = (
				419E7CE52E34514D00E9838A /* Sources */,
				419E7CE62E34514D00E9838A /* Frameworks */,
				419E7CE72E34514D00E9838A /* Resources */,
			);
			buildRules = (
			);
			dependencies = (
				419E7CEB2E34514D00E9838A /* PBXTargetDependency */,
			);
			fileSystemSynchronizedGroups = (
				419E7CEC2E34514D00E9838A /* MyTermTests */,
			);
			name = MyTermTests;
			packageProductDependencies = (
			);
			productName = MyTermTests;
			productReference = 419E7CE92E34514D00E9838A /* MyTermTests.xctest */;
			productType = "com.apple.product-type.bundle.unit-test";
		};
		419E7CF22E34514D00E9838A /* MyTermUITests */ = {
			isa = PBXNativeTarget;
			buildConfigurationList = 419E7D032E34514D00E9838A /* Build configuration list for PBXNativeTarget "MyTermUITests" */;
			buildPhases = (
				419E7CEF2E34514D00E9838A /* Sources */,
				419E7CF02E34514D00E9838A /* Frameworks */,
				419E7CF12E34514D00E9838A /* Resources */,
			);
			buildRules = (
			);
			dependencies = (
				419E7CF52E34514D00E9838A /* PBXTargetDependency */,
			);
			fileSystemSynchronizedGroups = (
				419E7CF62E34514D00E9838A /* MyTermUITests */,
			);
			name = MyTermUITests;
			packageProductDependencies = (
			);
			productName = MyTermUITests;
			productReference = 419E7CF32E34514D00E9838A /* MyTermUITests.xctest */;
			productType = "com.apple.product-type.bundle.ui-testing";
		};
/* End PBXNativeTarget section */

/* Begin PBXProject section */
		419E7CD32E34514C00E9838A /* Project object */ = {
			isa = PBXProject;
			attributes = {
				BuildIndependentTargetsInParallel = 1;
				LastSwiftUpdateCheck = 1640;
				LastUpgradeCheck = 1640;
				TargetAttributes = {
					419E7CDA2E34514C00E9838A = {
						CreatedOnToolsVersion = 16.4;
					};
					419E7CE82E34514D00E9838A = {
						CreatedOnToolsVersion = 16.4;
						TestTargetID = 419E7CDA2E34514C00E9838A;
					};
					419E7CF22E34514D00E9838A = {
						CreatedOnToolsVersion = 16.4;
						TestTargetID = 419E7CDA2E34514C00E9838A;
					};
				};
			};
			buildConfigurationList = 419E7CD62E34514C00E9838A /* Build configuration list for PBXProject "MyTerm" */;
			developmentRegion = en;
			hasScannedForEncodings = 0;
			knownRegions = (
				en,
				Base,
			);
			mainGroup = 419E7CD22E34514C00E9838A;
			minimizedProjectReferenceProxies = 1;
			preferredProjectObjectVersion = 77;
			productRefGroup = 419E7CDC2E34514C00E9838A /* Products */;
			projectDirPath = "";
			projectRoot = "";
			targets = (
				419E7CDA2E34514C00E9838A /* MyTerm */,
				419E7CE82E34514D00E9838A /* MyTermTests */,
				419E7CF22E34514D00E9838A /* MyTermUITests */,
			);
		};
/* End PBXProject section */

/* Begin PBXResourcesBuildPhase section */
		419E7CD92E34514C00E9838A /* Resources */ = {
			isa = PBXResourcesBuildPhase;
			buildActionMask = 2147483647;
			files = (
			);
			runOnlyForDeploymentPostprocessing = 0;
		};
		419E7CE72E34514D00E9838A /* Resources */ = {
			isa = PBXResourcesBuildPhase;
			buildActionMask = 2147483647;
			files = (
			);
			runOnlyForDeploymentPostprocessing = 0;
		};
		419E7CF12E34514D00E9838A /* Resources */ = {
			isa = PBXResourcesBuildPhase;
			buildActionMask = 2147483647;
			files = (
			);
			runOnlyForDeploymentPostprocessing = 0;
		};
/* End PBXResourcesBuildPhase section */

/* Begin PBXSourcesBuildPhase section */
		419E7CD72E34514C00E9838A /* Sources */ = {
			isa = PBXSourcesBuildPhase;
			buildActionMask = 2147483647;
			files = (
			);
			runOnlyForDeploymentPostprocessing = 0;
		};
		419E7CE52E34514D00E9838A /* Sources */ = {
			isa = PBXSourcesBuildPhase;
			buildActionMask = 2147483647;
			files = (
			);
			runOnlyForDeploymentPostprocessing = 0;
		};
		419E7CEF2E34514D00E9838A /* Sources */ = {
			isa = PBXSourcesBuildPhase;
			buildActionMask = 2147483647;
			files = (
			);
			runOnlyForDeploymentPostprocessing = 0;
		};
/* End PBXSourcesBuildPhase section */

/* Begin PBXTargetDependency section */
		419E7CEB2E34514D00E9838A /* PBXTargetDependency */ = {
			isa = PBXTargetDependency;
			target = 419E7CDA2E34514C00E9838A /* MyTerm */;
			targetProxy = 419E7CEA2E34514D00E9838A /* PBXContainerItemProxy */;
		};
		419E7CF52E34514D00E9838A /* PBXTargetDependency */ = {
			isa = PBXTargetDependency;
			target = 419E7CDA2E34514C00E9838A /* MyTerm */;
			targetProxy = 419E7CF42E34514D00E9838A /* PBXContainerItemProxy */;
		};
/* End PBXTargetDependency section */

/* Begin XCBuildConfiguration section */
		419E7CFB2E34514D00E9838A /* Debug */ = {
			isa = XCBuildConfiguration;
			buildSettings = {
				ALWAYS_SEARCH_USER_PATHS = NO;
				ASSETCATALOG_COMPILER_GENERATE_SWIFT_ASSET_SYMBOL_EXTENSIONS = YES;
				CLANG_ANALYZER_NONNULL = YES;
				CLANG_ANALYZER_NUMBER_OBJECT_CONVERSION = YES_AGGRESSIVE;
				CLANG_CXX_LANGUAGE_STANDARD = "gnu++20";
				CLANG_ENABLE_MODULES = YES;
				CLANG_ENABLE_OBJC_ARC = YES;
				CLANG_ENABLE_OBJC_WEAK = YES;
				CLANG_WARN_BLOCK_CAPTURE_AUTORELEASING = YES;
				CLANG_WARN_BOOL_CONVERSION = YES;
				CLANG_WARN_COMMA = YES;
				CLANG_WARN_CONSTANT_CONVERSION = YES;
				CLANG_WARN_DEPRECATED_OBJC_IMPLEMENTATIONS = YES;
				CLANG_WARN_DIRECT_OBJC_ISA_USAGE = YES_ERROR;
				CLANG_WARN_DOCUMENTATION_COMMENTS = YES;
				CLANG_WARN_EMPTY_BODY = YES;
				CLANG_WARN_ENUM_CONVERSION = YES;
				CLANG_WARN_INFINITE_RECURSION = YES;
				CLANG_WARN_INT_CONVERSION = YES;
				CLANG_WARN_NON_LITERAL_NULL_CONVERSION = YES;
				CLANG_WARN_OBJC_IMPLICIT_RETAIN_SELF = YES;
				CLANG_WARN_OBJC_LITERAL_CONVERSION = YES;
				CLANG_WARN_OBJC_ROOT_CLASS = YES_ERROR;
				CLANG_WARN_QUOTED_INCLUDE_IN_FRAMEWORK_HEADER = YES;
				CLANG_WARN_RANGE_LOOP_ANALYSIS = YES;
				CLANG_WARN_STRICT_PROTOTYPES = YES;
				CLANG_WARN_SUSPICIOUS_MOVE = YES;
				CLANG_WARN_UNGUARDED_AVAILABILITY = YES_AGGRESSIVE;
				CLANG_WARN_UNREACHABLE_CODE = YES;
				CLANG_WARN__DUPLICATE_METHOD_MATCH = YES;
				COPY_PHASE_STRIP = NO;
				DEBUG_INFORMATION_FORMAT = dwarf;
				ENABLE_STRICT_OBJC_MSGSEND = YES;
				ENABLE_TESTABILITY = YES;
				ENABLE_USER_SCRIPT_SANDBOXING = YES;
				GCC_C_LANGUAGE_STANDARD = gnu17;
				GCC_DYNAMIC_NO_PIC = NO;
				GCC_NO_COMMON_BLOCKS = YES;
				GCC_OPTIMIZATION_LEVEL = 0;
				GCC_PREPROCESSOR_DEFINITIONS = (
					"DEBUG=1",
					"$(inherited)",
				);
				GCC_WARN_64_TO_32_BIT_CONVERSION = YES;
				GCC_WARN_ABOUT_RETURN_TYPE = YES_ERROR;
				GCC_WARN_UNDECLARED_SELECTOR = YES;
				GCC_WARN_UNINITIALIZED_AUTOS = YES_AGGRESSIVE;
				GCC_WARN_UNUSED_FUNCTION = YES;
				GCC_WARN_UNUSED_VARIABLE = YES;
				LOCALIZATION_PREFERS_STRING_CATALOGS = YES;
				MACOSX_DEPLOYMENT_TARGET = 15.3;
				MTL_ENABLE_DEBUG_INFO = INCLUDE_SOURCE;
				MTL_FAST_MATH = YES;
				ONLY_ACTIVE_ARCH = YES;
				SDKROOT = macosx;
				SWIFT_ACTIVE_COMPILATION_CONDITIONS = "DEBUG $(inherited)";
				SWIFT_OPTIMIZATION_LEVEL = "-Onone";
			};
			name = Debug;
		};
		419E7CFC2E34514D00E9838A /* Release */ = {
			isa = XCBuildConfiguration;
			buildSettings = {
				ALWAYS_SEARCH_USER_PATHS = NO;
				ASSETCATALOG_COMPILER_GENERATE_SWIFT_ASSET_SYMBOL_EXTENSIONS = YES;
				CLANG_ANALYZER_NONNULL = YES;
				CLANG_ANALYZER_NUMBER_OBJECT_CONVERSION = YES_AGGRESSIVE;
				CLANG_CXX_LANGUAGE_STANDARD = "gnu++20";
				CLANG_ENABLE_MODULES = YES;
				CLANG_ENABLE_OBJC_ARC = YES;
				CLANG_ENABLE_OBJC_WEAK = YES;
				CLANG_WARN_BLOCK_CAPTURE_AUTORELEASING = YES;
				CLANG_WARN_BOOL_CONVERSION = YES;
				CLANG_WARN_COMMA = YES;
				CLANG_WARN_CONSTANT_CONVERSION = YES;
				CLANG_WARN_DEPRECATED_OBJC_IMPLEMENTATIONS = YES;
				CLANG_WARN_DIRECT_OBJC_ISA_USAGE = YES_ERROR;
				CLANG_WARN_DOCUMENTATION_COMMENTS = YES;
				CLANG_WARN_EMPTY_BODY = YES;
				CLANG_WARN_ENUM_CONVERSION = YES;
				CLANG_WARN_INFINITE_RECURSION = YES;
				CLANG_WARN_INT_CONVERSION = YES;
				CLANG_WARN_NON_LITERAL_NULL_CONVERSION = YES;
				CLANG_WARN_OBJC_IMPLICIT_RETAIN_SELF = YES;
				CLANG_WARN_OBJC_LITERAL_CONVERSION = YES;
				CLANG_WARN_OBJC_ROOT_CLASS = YES_ERROR;
				CLANG_WARN_QUOTED_INCLUDE_IN_FRAMEWORK_HEADER = YES;
				CLANG_WARN_RANGE_LOOP_ANALYSIS = YES;
				CLANG_WARN_STRICT_PROTOTYPES = YES;
				CLANG_WARN_SUSPICIOUS_MOVE = YES;
				CLANG_WARN_UNGUARDED_AVAILABILITY = YES_AGGRESSIVE;
				CLANG_WARN_UNREACHABLE_CODE = YES;
				CLANG_WARN__DUPLICATE_METHOD_MATCH = YES;
				COPY_PHASE_STRIP = NO;
				DEBUG_INFORMATION_FORMAT = "dwarf-with-dsym";
				ENABLE_NS_ASSERTIONS = NO;
				ENABLE_STRICT_OBJC_MSGSEND = YES;
				ENABLE_USER_SCRIPT_SANDBOXING = YES;
				GCC_C_LANGUAGE_STANDARD = gnu17;
				GCC_NO_COMMON_BLOCKS = YES;
				GCC_WARN_64_TO_32_BIT_CONVERSION = YES;
				GCC_WARN_ABOUT_RETURN_TYPE = YES_ERROR;
				GCC_WARN_UNDECLARED_SELECTOR = YES;
				GCC_WARN_UNINITIALIZED_AUTOS = YES_AGGRESSIVE;
				GCC_WARN_UNUSED_FUNCTION = YES;
				GCC_WARN_UNUSED_VARIABLE = YES;
				LOCALIZATION_PREFERS_STRING_CATALOGS = YES;
				MACOSX_DEPLOYMENT_TARGET = 15.3;
				MTL_ENABLE_DEBUG_INFO = NO;
				MTL_FAST_MATH = YES;
				SDKROOT = macosx;
				SWIFT_COMPILATION_MODE = wholemodule;
			};
			name = Release;
		};
		419E7CFE2E34514D00E9838A /* Debug */ = {
			isa = XCBuildConfiguration;
			buildSettings = {
				ASSETCATALOG_COMPILER_APPICON_NAME = AppIcon;
				ASSETCATALOG_COMPILER_GLOBAL_ACCENT_COLOR_NAME = AccentColor;
				CODE_SIGN_ENTITLEMENTS = MyTerm/MyTerm.entitlements;
				CODE_SIGN_STYLE = Automatic;
				COMBINE_HIDPI_IMAGES = YES;
				CURRENT_PROJECT_VERSION = 1;
				ENABLE_PREVIEWS = YES;
				GENERATE_INFOPLIST_FILE = YES;
				INFOPLIST_KEY_NSHumanReadableCopyright = "";
				LD_RUNPATH_SEARCH_PATHS = (
					"$(inherited)",
					"@executable_path/../Frameworks",
				);
				MARKETING_VERSION = 1.0;
				PRODUCT_BUNDLE_IDENTIFIER = JAS.MyTerm;
				PRODUCT_NAME = "$(TARGET_NAME)";
				REGISTER_APP_GROUPS = YES;
				SWIFT_EMIT_LOC_STRINGS = YES;
				SWIFT_VERSION = 5.0;
			};
			name = Debug;
		};
		419E7CFF2E34514D00E9838A /* Release */ = {
			isa = XCBuildConfiguration;
			buildSettings = {
				ASSETCATALOG_COMPILER_APPICON_NAME = AppIcon;
				ASSETCATALOG_COMPILER_GLOBAL_ACCENT_COLOR_NAME = AccentColor;
				CODE_SIGN_ENTITLEMENTS = MyTerm/MyTerm.entitlements;
				CODE_SIGN_STYLE = Automatic;
				COMBINE_HIDPI_IMAGES = YES;
				CURRENT_PROJECT_VERSION = 1;
				ENABLE_PREVIEWS = YES;
				GENERATE_INFOPLIST_FILE = YES;
				INFOPLIST_KEY_NSHumanReadableCopyright = "";
				LD_RUNPATH_SEARCH_PATHS = (
					"$(inherited)",
					"@executable_path/../Frameworks",
				);
				MARKETING_VERSION = 1.0;
				PRODUCT_BUNDLE_IDENTIFIER = JAS.MyTerm;
				PRODUCT_NAME = "$(TARGET_NAME)";
				REGISTER_APP_GROUPS = YES;
				SWIFT_EMIT_LOC_STRINGS = YES;
				SWIFT_VERSION = 5.0;
			};
			name = Release;
		};
		419E7D012E34514D00E9838A /* Debug */ = {
			isa = XCBuildConfiguration;
			buildSettings = {
				BUNDLE_LOADER = "$(TEST_HOST)";
				CODE_SIGN_STYLE = Automatic;
				CURRENT_PROJECT_VERSION = 1;
				GENERATE_INFOPLIST_FILE = YES;
				MACOSX_DEPLOYMENT_TARGET = 15.3;
				MARKETING_VERSION = 1.0;
				PRODUCT_BUNDLE_IDENTIFIER = JAS.MyTermTests;
				PRODUCT_NAME = "$(TARGET_NAME)";
				SWIFT_EMIT_LOC_STRINGS = NO;
				SWIFT_VERSION = 5.0;
				TEST_HOST = "$(BUILT_PRODUCTS_DIR)/MyTerm.app/$(BUNDLE_EXECUTABLE_FOLDER_PATH)/MyTerm";
			};
			name = Debug;
		};
		419E7D022E34514D00E9838A /* Release */ = {
			isa = XCBuildConfiguration;
			buildSettings = {
				BUNDLE_LOADER = "$(TEST_HOST)";
				CODE_SIGN_STYLE = Automatic;
				CURRENT_PROJECT_VERSION = 1;
				GENERATE_INFOPLIST_FILE = YES;
				MACOSX_DEPLOYMENT_TARGET = 15.3;
				MARKETING_VERSION = 1.0;
				PRODUCT_BUNDLE_IDENTIFIER = JAS.MyTermTests;
				PRODUCT_NAME = "$(TARGET_NAME)";
				SWIFT_EMIT_LOC_STRINGS = NO;
				SWIFT_VERSION = 5.0;
				TEST_HOST = "$(BUILT_PRODUCTS_DIR)/MyTerm.app/$(BUNDLE_EXECUTABLE_FOLDER_PATH)/MyTerm";
			};
			name = Release;
		};
		419E7D042E34514D00E9838A /* Debug */ = {
			isa = XCBuildConfiguration;
			buildSettings = {
				CODE_SIGN_STYLE = Automatic;
				CURRENT_PROJECT_VERSION = 1;
				GENERATE_INFOPLIST_FILE = YES;
				MARKETING_VERSION = 1.0;
				PRODUCT_BUNDLE_IDENTIFIER = JAS.MyTermUITests;
				PRODUCT_NAME = "$(TARGET_NAME)";
				SWIFT_EMIT_LOC_STRINGS = NO;
				SWIFT_VERSION = 5.0;
				TEST_TARGET_NAME = MyTerm;
			};
			name = Debug;
		};
		419E7D052E34514D00E9838A /* Release */ = {
			isa = XCBuildConfiguration;
			buildSettings = {
				CODE_SIGN_STYLE = Automatic;
				CURRENT_PROJECT_VERSION = 1;
				GENERATE_INFOPLIST_FILE = YES;
				MARKETING_VERSION = 1.0;
				PRODUCT_BUNDLE_IDENTIFIER = JAS.MyTermUITests;
				PRODUCT_NAME = "$(TARGET_NAME)";
				SWIFT_EMIT_LOC_STRINGS = NO;
				SWIFT_VERSION = 5.0;
				TEST_TARGET_NAME = MyTerm;
			};
			name = Release;
		};
/* End XCBuildConfiguration section */

/* Begin XCConfigurationList section */
		419E7CD62E34514C00E9838A /* Build configuration list for PBXProject "MyTerm" */ = {
			isa = XCConfigurationList;
			buildConfigurations = (
				419E7CFB2E34514D00E9838A /* Debug */,
				419E7CFC2E34514D00E9838A /* Release */,
			);
			defaultConfigurationIsVisible = 0;
			defaultConfigurationName = Release;
		};
		419E7CFD2E34514D00E9838A /* Build configuration list for PBXNativeTarget "MyTerm" */ = {
			isa = XCConfigurationList;
			buildConfigurations = (
				419E7CFE2E34514D00E9838A /* Debug */,
				419E7CFF2E34514D00E9838A /* Release */,
			);
			defaultConfigurationIsVisible = 0;
			defaultConfigurationName = Release;
		};
		419E7D002E34514D00E9838A /* Build configuration list for PBXNativeTarget "MyTermTests" */ = {
			isa = XCConfigurationList;
			buildConfigurations = (
				419E7D012E34514D00E9838A /* Debug */,
				419E7D022E34514D00E9838A /* Release */,
			);
			defaultConfigurationIsVisible = 0;
			defaultConfigurationName = Release;
		};
		419E7D032E34514D00E9838A /* Build configuration list for PBXNativeTarget "MyTermUITests" */ = {
			isa = XCConfigurationList;
			buildConfigurations = (
				419E7D042E34514D00E9838A /* Debug */,
				419E7D052E34514D00E9838A /* Release */,
			);
			defaultConfigurationIsVisible = 0;
			defaultConfigurationName = Release;
		};
/* End XCConfigurationList section */
	};
	rootObject = 419E7CD32E34514C00E9838A /* Project object */;
}
